<Solution>
  <Folder Name="/src/">
    <Project Path="src/ProTranslate.Abstractions/ProTranslate.Abstractions.csproj" />
    <Project Path="src/ProTranslate.Core/ProTranslate.Core.csproj" />
    <Project Path="src/ProTranslate.Formats/ProTranslate.Formats.csproj" />
    <Project Path="src/ProTranslate.MicrosoftExtensions/ProTranslate.MicrosoftExtensions.csproj" />
    <Project Path="src/ProTranslate.ResourceManager/ProTranslate.ResourceManager.csproj" />
    <Project Path="src/ProTranslate.SourceGenerator/ProTranslate.SourceGenerator.csproj" />
    <Project Path="src/ProTranslate.Analyzers/ProTranslate.Analyzers.csproj" />
    <Project Path="src/ProTranslate.Avalonia/ProTranslate.Avalonia.csproj" />
    <Project Path="src/ProTranslate.Wpf/ProTranslate.Wpf.csproj" />
    <Project Path="src/ProTranslate.Maui/ProTranslate.Maui.csproj" />
    <Project Path="src/ProTranslate.WinUI/ProTranslate.WinUI.csproj" />
    <Project Path="src/ProTranslate.Uno/ProTranslate.Uno.csproj" />
    <Project Path="src/ProTranslate.MewUI/ProTranslate.MewUI.csproj" />
  </Folder>
  <Folder Name="/samples/">
    <Project Path="samples/ProTranslate.Avalonia.Sample/ProTranslate.Avalonia.Sample.csproj" />
    <Project Path="samples/ProTranslate.Wpf.Sample/ProTranslate.Wpf.Sample.csproj" />
    <Project Path="samples/ProTranslate.Maui.Sample/ProTranslate.Maui.Sample.csproj" />
    <Project Path="samples/ProTranslate.WinUI.Sample/ProTranslate.WinUI.Sample.csproj" />
    <Project Path="samples/ProTranslate.Uno.Sample/ProTranslate.Uno.Sample.csproj" />
    <Project Path="samples/ProTranslate.Uno.TranslationStudio/ProTranslate.Uno.TranslationStudio.csproj" />
    <Project Path="samples/ProTranslate.MewUI.Sample/ProTranslate.MewUI.Sample.csproj" />
  </Folder>
  <Folder Name="/tests/">
    <Project Path="tests/ProTranslate.Tests/ProTranslate.Tests.csproj" />
    <Project Path="tests/ProTranslate.Avalonia.Tests/ProTranslate.Avalonia.Tests.csproj" />
    <Project Path="tests/ProTranslate.Analyzers.Tests/ProTranslate.Analyzers.Tests.csproj" />
    <Project Path="tests/ProTranslate.Uno.Tests/ProTranslate.Uno.Tests.csproj" />
    <Project Path="tests/ProTranslate.Maui.Tests/ProTranslate.Maui.Tests.csproj" />
    <Project Path="tests/ProTranslate.Wpf.Tests/ProTranslate.Wpf.Tests.csproj" />
    <Project Path="tests/ProTranslate.WinUI.Tests/ProTranslate.WinUI.Tests.csproj" />
    <Project Path="tests/ProTranslate.MewUI.Tests/ProTranslate.MewUI.Tests.csproj" />
  </Folder>
</Solution>
